
Microsoft Visual Studio Solution File, Format Version 12.00
# Visual Studio Version 17
VisualStudioVersion = 17.14.36202.13 d17.14
MinimumVisualStudioVersion = 10.0.40219.1
Project("{FAE04EC0-301F-11D3-BF4B-00C04F79EFBC}") = "BaiTap1", "BaiTap1.csproj", "{A22E9AD8-D4B1-4845-A353-44460707DE05}"
EndProject
Global
	GlobalSection(SolutionConfigurationPlatforms) = preSolution
		Debug|Any CPU = Debug|Any CPU
		Release|Any CPU = Release|Any CPU
	EndGlobalSection
	GlobalSection(ProjectConfigurationPlatforms) = postSolution
		{A22E9AD8-D4B1-4845-A353-44460707DE05}.Debug|Any CPU.ActiveCfg = Debug|Any CPU
		{A22E9AD8-D4B1-4845-A353-44460707DE05}.Debug|Any CPU.Build.0 = Debug|Any CPU
		{A22E9AD8-D4B1-4845-A353-44460707DE05}.Release|Any CPU.ActiveCfg = Release|Any CPU
		{A22E9AD8-D4B1-4845-A353-44460707DE05}.Release|Any CPU.Build.0 = Release|Any CPU
	EndGlobalSection
	GlobalSection(SolutionProperties) = preSolution
		HideSolutionNode = FALSE
	EndGlobalSection
	GlobalSection(ExtensibilityGlobals) = postSolution
		SolutionGuid = {FFC5FDF6-4157-4E02-883B-A3BE466BF3AD}
	EndGlobalSection
EndGlobal
