
Microsoft Visual Studio Solution File, Format Version 12.00
# Visual Studio Version 17
VisualStudioVersion = 17.14.36202.13 d17.14
MinimumVisualStudioVersion = 10.0.40219.1
Project("{FAE04EC0-301F-11D3-BF4B-00C04F79EFBC}") = "BaiTap4TL", "BaiTap4TL.csproj", "{568A26E5-29B2-4568-B3EA-5C2D97C5068B}"
EndProject
Global
	GlobalSection(SolutionConfigurationPlatforms) = preSolution
		Debug|Any CPU = Debug|Any CPU
		Release|Any CPU = Release|Any CPU
	EndGlobalSection
	GlobalSection(ProjectConfigurationPlatforms) = postSolution
		{568A26E5-29B2-4568-B3EA-5C2D97C5068B}.Debug|Any CPU.ActiveCfg = Debug|Any CPU
		{568A26E5-29B2-4568-B3EA-5C2D97C5068B}.Debug|Any CPU.Build.0 = Debug|Any CPU
		{568A26E5-29B2-4568-B3EA-5C2D97C5068B}.Release|Any CPU.ActiveCfg = Release|Any CPU
		{568A26E5-29B2-4568-B3EA-5C2D97C5068B}.Release|Any CPU.Build.0 = Release|Any CPU
	EndGlobalSection
	GlobalSection(SolutionProperties) = preSolution
		HideSolutionNode = FALSE
	EndGlobalSection
	GlobalSection(ExtensibilityGlobals) = postSolution
		SolutionGuid = {38F93564-7C6A-449F-95F7-B019D69553DE}
	EndGlobalSection
EndGlobal
