
Microsoft Visual Studio Solution File, Format Version 12.00
# Visual Studio Version 17
VisualStudioVersion = 17.14.36202.13 d17.14
MinimumVisualStudioVersion = 10.0.40219.1
Project("{FAE04EC0-301F-11D3-BF4B-00C04F79EFBC}") = "BaiTap2lab2", "BaiTap2lab2.csproj", "{5CBA4309-7E3A-4CE6-8236-9D28D0304388}"
EndProject
Global
	GlobalSection(SolutionConfigurationPlatforms) = preSolution
		Debug|Any CPU = Debug|Any CPU
		Release|Any CPU = Release|Any CPU
	EndGlobalSection
	GlobalSection(ProjectConfigurationPlatforms) = postSolution
		{5CBA4309-7E3A-4CE6-8236-9D28D0304388}.Debug|Any CPU.ActiveCfg = Debug|Any CPU
		{5CBA4309-7E3A-4CE6-8236-9D28D0304388}.Debug|Any CPU.Build.0 = Debug|Any CPU
		{5CBA4309-7E3A-4CE6-8236-9D28D0304388}.Release|Any CPU.ActiveCfg = Release|Any CPU
		{5CBA4309-7E3A-4CE6-8236-9D28D0304388}.Release|Any CPU.Build.0 = Release|Any CPU
	EndGlobalSection
	GlobalSection(SolutionProperties) = preSolution
		HideSolutionNode = FALSE
	EndGlobalSection
	GlobalSection(ExtensibilityGlobals) = postSolution
		SolutionGuid = {CB7BE58B-489C-4EFF-AC35-2F702962B3EB}
	EndGlobalSection
EndGlobal
